{
    "_readme": [
        "This file locks the dependencies of your project to a known state",
        "Read more about it at https://getcomposer.org/doc/01-basic-usage.md#installing-dependencies",
        "This file is @generated automatically"
    ],
    "content-hash": "2d55182aa203336953262fd8e2d8a59b",
    "packages": [],
    "packages-dev": [],
    "aliases": [],
    "minimum-stability": "stable",
    "stability-flags": [],
    "prefer-stable": false,
    "prefer-lowest": false,
    "platform": {
        "php": ">=7.4.0",
        "ext-dom": "*",
        "ext-gd": "*",
        "ext-json": "*",
        "ext-mbstring": "*",
        "ext-pcre": "*",
        "ext-pdo": "*",
        "ext-pdo_sqlite": "*",
        "ext-spl": "*",
        "ext-zip": "*",
        "lib-curl": "*",
        "lib-libxml": "*",
        "lib-pcre": "*"
    },
    "platform-dev": []
}
